lockfileVersion: '9.0'

settings:
  autoInstallPeers: true
  excludeLinksFromLockfile: false

importers:

  .:
    dependencies:
      commander:
        specifier: ^12.1.0
        version: 12.1.0
    devDependencies:
      '@biomejs/biome':
        specifier: 2.0.0-beta.1
        version: 2.0.0-beta.1

packages:

  '@biomejs/biome@2.0.0-beta.1':
    resolution: {integrity: sha512-MqRoy9CbTkrS45zW+S4u8p4kQUIFx0mGUWi789W1R3b1kXYIudEqsTKgXKtTGsI0kWOlvnjuKqwTrabjaGchhQ==}
    engines: {node: '>=14.21.3'}
    hasBin: true

  '@biomejs/cli-darwin-arm64@2.0.0-beta.1':
    resolution: {integrity: sha512-RaGmpNLl5NFooXaoCwvgvcuU6Am/rMZ3R48pQeCVxjrCcz1BIlKLTai5UosiedazW7JbXAvgXdSNizYG7ITlAQ==}
    engines: {node: '>=14.21.3'}
    cpu: [arm64]
    os: [darwin]

  '@biomejs/cli-darwin-x64@2.0.0-beta.1':
    resolution: {integrity: sha512-sTzSshkne7HKZFNfiIhmAji7gjtCBXvkTujZELCZWIZC7oj1Tjw/gvAzbdFj2UyHd5/i90pND4ybFOLQZm9gpg==}
    engines: {node: '>=14.21.3'}
    cpu: [x64]
    os: [darwin]

  '@biomejs/cli-linux-arm64-musl@2.0.0-beta.1':
    resolution: {integrity: sha512-0MPUKzz9uBBxAYSJ+OlFi4+yGwiRcZeFqq39H0MxXCQ9MMpKJFH2Ek72fw8sXwG7Prn7EsW/3u1b7najyn1XGQ==}
    engines: {node: '>=14.21.3'}
    cpu: [arm64]
    os: [linux]

  '@biomejs/cli-linux-arm64@2.0.0-beta.1':
    resolution: {integrity: sha512-bxce2O4nooBmp20Ey0+IFIZyy/b0RVnciIQk9euCfAi9evq7SvFtMBYo3YUZej0KIvrau5H7tJk5OqmRJk2l+g==}
    engines: {node: '>=14.21.3'}
    cpu: [arm64]
    os: [linux]

  '@biomejs/cli-linux-x64-musl@2.0.0-beta.1':
    resolution: {integrity: sha512-dFvisnP1hFpVILNw0PZfs8piBwe8+aykO04Tb/4AJDVVzKkGgJfwSefwo4jqzO/Wk/Zruvhcp1nKbjgRXM+vDg==}
    engines: {node: '>=14.21.3'}
    cpu: [x64]
    os: [linux]

  '@biomejs/cli-linux-x64@2.0.0-beta.1':
    resolution: {integrity: sha512-6P/AtJv4hOH8mu8ez0c4UInUpiet9NEoF25+O7OPyb4w6ZHJMp2qzvayJS7TKrTQzE5KUvSiNsACGRz34DzUkg==}
    engines: {node: '>=14.21.3'}
    cpu: [x64]
    os: [linux]

  '@biomejs/cli-win32-arm64@2.0.0-beta.1':
    resolution: {integrity: sha512-0C9YSqWHf2cJGnjKDbLi49xv6H9IfqbDsFav7X557PqwY64O6IKWqcmZzi/PkDFHjQM9opU6uhKapeGKGDxziQ==}
    engines: {node: '>=14.21.3'}
    cpu: [arm64]
    os: [win32]

  '@biomejs/cli-win32-x64@2.0.0-beta.1':
    resolution: {integrity: sha512-o8W6+DX0YRjt1kS8Y3ismq6EkjwiVDv7X0TEpfnFywoVG8HoJ7G7/m9r8LM1yE46WI3maPH2A0MoVpQ1ZNG++A==}
    engines: {node: '>=14.21.3'}
    cpu: [x64]
    os: [win32]

  commander@12.1.0:
    resolution: {integrity: sha512-Vw8qHK3bZM9y/P10u3Vib8o/DdkvA2OtPtZvD871QKjy74Wj1WSKFILMPRPSdUSx5RFK1arlJzEtA4PkFgnbuA==}
    engines: {node: '>=18'}

snapshots:

  '@biomejs/biome@2.0.0-beta.1':
    optionalDependencies:
      '@biomejs/cli-darwin-arm64': 2.0.0-beta.1
      '@biomejs/cli-darwin-x64': 2.0.0-beta.1
      '@biomejs/cli-linux-arm64': 2.0.0-beta.1
      '@biomejs/cli-linux-arm64-musl': 2.0.0-beta.1
      '@biomejs/cli-linux-x64': 2.0.0-beta.1
      '@biomejs/cli-linux-x64-musl': 2.0.0-beta.1
      '@biomejs/cli-win32-arm64': 2.0.0-beta.1
      '@biomejs/cli-win32-x64': 2.0.0-beta.1

  '@biomejs/cli-darwin-arm64@2.0.0-beta.1':
    optional: true

  '@biomejs/cli-darwin-x64@2.0.0-beta.1':
    optional: true

  '@biomejs/cli-linux-arm64-musl@2.0.0-beta.1':
    optional: true

  '@biomejs/cli-linux-arm64@2.0.0-beta.1':
    optional: true

  '@biomejs/cli-linux-x64-musl@2.0.0-beta.1':
    optional: true

  '@biomejs/cli-linux-x64@2.0.0-beta.1':
    optional: true

  '@biomejs/cli-win32-arm64@2.0.0-beta.1':
    optional: true

  '@biomejs/cli-win32-x64@2.0.0-beta.1':
    optional: true

  commander@12.1.0: {}
