lockfileVersion: '9.0'

settings:
  autoInstallPeers: true
  excludeLinksFromLockfile: false

importers:

  .:
    devDependencies:
      '@biomejs/biome':
        specifier: 1.9.0
        version: 1.9.0

packages:

  '@biomejs/biome@1.9.0':
    resolution: {integrity: sha512-NlWh2F1wbxB3O/wE+aohGL0BziTS6e+6+dyFvpdeqLsbQZY7EsiklFb9W5Xs41U4vEmY7ANgdNp+oVDij6sQdA==}
    engines: {node: '>=14.21.3'}
    hasBin: true

  '@biomejs/cli-darwin-arm64@1.9.0':
    resolution: {integrity: sha512-2w9v/NRtYSmodx5QWQ49OGcyGKSECdWKbzc7n532Iq5sBhkKk996fd19icT6BuL54f01KFKRCRibAW+A2rg1Kw==}
    engines: {node: '>=14.21.3'}
    cpu: [arm64]
    os: [darwin]

  '@biomejs/cli-darwin-x64@1.9.0':
    resolution: {integrity: sha512-fBVt8jJQi0zX0SJ1C+tdzUbRpuX/07sgtBXEhunWRkPjdi6W/2S1sYHQ1wKn4OKiRAKfHM2Cf2FNO7hQvY61dA==}
    engines: {node: '>=14.21.3'}
    cpu: [x64]
    os: [darwin]

  '@biomejs/cli-linux-arm64-musl@1.9.0':
    resolution: {integrity: sha512-Jy84mZ4vcppdmWMgQWOCfd8qIVC/vHmlaS5gy7GXkdWlBKSQ56YxEXTU58MHTbZ16LwJQpK2IulqRCC/rqWLBA==}
    engines: {node: '>=14.21.3'}
    cpu: [arm64]
    os: [linux]

  '@biomejs/cli-linux-arm64@1.9.0':
    resolution: {integrity: sha512-l8U2lcqsl9yKPP5WUdIrKH//C1pWyM2cSUfcTBn6GSvXmsSjBNEdGSdM4Wfne777Oe/9ONaD1Ga53U2HksHHLw==}
    engines: {node: '>=14.21.3'}
    cpu: [arm64]
    os: [linux]

  '@biomejs/cli-linux-x64-musl@1.9.0':
    resolution: {integrity: sha512-N3enoFoIrkB6qJWyYfTiYmFdB1R/Mrij1dd1xBHqxxCKZY9GRkEswRX3F1Uqzo5T+9Iu8nAQobDqI/ygicYy/Q==}
    engines: {node: '>=14.21.3'}
    cpu: [x64]
    os: [linux]

  '@biomejs/cli-linux-x64@1.9.0':
    resolution: {integrity: sha512-8jAzjrrJTj510pwq4aVs7ZKkOvEy1D+nzl9DKvrPh4TOyUw5Ie+0EDwXGE2RAkCKHkGNOQBZ78WtIdsATgz5sA==}
    engines: {node: '>=14.21.3'}
    cpu: [x64]
    os: [linux]

  '@biomejs/cli-win32-arm64@1.9.0':
    resolution: {integrity: sha512-AIjwJTGfdWGMRluSQ9pDB29nzce077dfHh0/HMqzztKzgD3spyuo2R9VoaFpbR0hLHPWEH6g6OxxDO7hfkXNkQ==}
    engines: {node: '>=14.21.3'}
    cpu: [arm64]
    os: [win32]

  '@biomejs/cli-win32-x64@1.9.0':
    resolution: {integrity: sha512-4/4wTjNSoyNkm1SzcUaStDx46baX1VJRXtUoeEHjX9LfedR5N3qwZz5KfrRUnCd2fl5bmXK1CwMqKBkoF6zEiA==}
    engines: {node: '>=14.21.3'}
    cpu: [x64]
    os: [win32]

snapshots:

  '@biomejs/biome@1.9.0':
    optionalDependencies:
      '@biomejs/cli-darwin-arm64': 1.9.0
      '@biomejs/cli-darwin-x64': 1.9.0
      '@biomejs/cli-linux-arm64': 1.9.0
      '@biomejs/cli-linux-arm64-musl': 1.9.0
      '@biomejs/cli-linux-x64': 1.9.0
      '@biomejs/cli-linux-x64-musl': 1.9.0
      '@biomejs/cli-win32-arm64': 1.9.0
      '@biomejs/cli-win32-x64': 1.9.0

  '@biomejs/cli-darwin-arm64@1.9.0':
    optional: true

  '@biomejs/cli-darwin-x64@1.9.0':
    optional: true

  '@biomejs/cli-linux-arm64-musl@1.9.0':
    optional: true

  '@biomejs/cli-linux-arm64@1.9.0':
    optional: true

  '@biomejs/cli-linux-x64-musl@1.9.0':
    optional: true

  '@biomejs/cli-linux-x64@1.9.0':
    optional: true

  '@biomejs/cli-win32-arm64@1.9.0':
    optional: true

  '@biomejs/cli-win32-x64@1.9.0':
    optional: true
